
Microsoft Visual Studio Solution File, Format Version 12.00
# Visual Studio 14
VisualStudioVersion = 14.0.24720.0
MinimumVisualStudioVersion = 10.0.40219.1
Project("{FAE04EC0-301F-11D3-BF4B-00C04F79EFBC}") = "simple-calculator.Tests", "simple-calculator.Tests\simple-calculator.Tests.csproj", "{7BF2FF64-80BB-4051-B634-4EB83E2C6316}"
EndProject
Global
	GlobalSection(SolutionConfigurationPlatforms) = preSolution
		Debug|Any CPU = Debug|Any CPU
		Release|Any CPU = Release|Any CPU
	EndGlobalSection
	GlobalSection(ProjectConfigurationPlatforms) = postSolution
		{7BF2FF64-80BB-4051-B634-4EB83E2C6316}.Debug|Any CPU.ActiveCfg = Debug|Any CPU
		{7BF2FF64-80BB-4051-B634-4EB83E2C6316}.Debug|Any CPU.Build.0 = Debug|Any CPU
		{7BF2FF64-80BB-4051-B634-4EB83E2C6316}.Release|Any CPU.ActiveCfg = Release|Any CPU
		{7BF2FF64-80BB-4051-B634-4EB83E2C6316}.Release|Any CPU.Build.0 = Release|Any CPU
	EndGlobalSection
	GlobalSection(SolutionProperties) = preSolution
		HideSolutionNode = FALSE
	EndGlobalSection
EndGlobal
